
Microsoft Visual Studio Solution File, Format Version 12.00
# Visual Studio Version 16
VisualStudioVersion = 16.0.29009.5
MinimumVisualStudioVersion = 10.0.40219.1
Project("{9A19103F-16F7-4668-BE54-9A1E7A4F7556}") = "Chatting.API", "Chatting.API\Chatting.API.csproj", "{CE2DFFCA-DE06-46C2-BCA9-C101170C36A9}"
EndProject
Project("{9A19103F-16F7-4668-BE54-9A1E7A4F7556}") = "Chatting.Domain", "Chatting.Domain\Chatting.Domain.csproj", "{895F57D4-5B37-445B-8AAA-5495F9D2068A}"
EndProject
Project("{9A19103F-16F7-4668-BE54-9A1E7A4F7556}") = "Chatting.Infrastructure", "Chatting.Infrastructure\Chatting.Infrastructure.csproj", "{60504366-9E30-4516-9800-5AFE65D416B6}"
EndProject
Project("{9A19103F-16F7-4668-BE54-9A1E7A4F7556}") = "Chatting.Common", "Chatting.Common\Chatting.Common.csproj", "{11A53E9A-856C-4F6B-ACFB-0AE9B7872741}"
EndProject
Project("{A07B5EB6-E848-4116-A8D0-A826331D98C6}") = "Chatting", "Chatting\Chatting.sfproj", "{53FC3F1B-C8BF-49A8-A4B7-D50D147638A5}"
EndProject
Global
	GlobalSection(SolutionConfigurationPlatforms) = preSolution
		Debug|Any CPU = Debug|Any CPU
		Debug|x64 = Debug|x64
		Release|Any CPU = Release|Any CPU
		Release|x64 = Release|x64
	EndGlobalSection
	GlobalSection(ProjectConfigurationPlatforms) = postSolution
		{CE2DFFCA-DE06-46C2-BCA9-C101170C36A9}.Debug|Any CPU.ActiveCfg = Debug|Any CPU
		{CE2DFFCA-DE06-46C2-BCA9-C101170C36A9}.Debug|Any CPU.Build.0 = Debug|Any CPU
		{CE2DFFCA-DE06-46C2-BCA9-C101170C36A9}.Debug|x64.ActiveCfg = Debug|Any CPU
		{CE2DFFCA-DE06-46C2-BCA9-C101170C36A9}.Debug|x64.Build.0 = Debug|Any CPU
		{CE2DFFCA-DE06-46C2-BCA9-C101170C36A9}.Release|Any CPU.ActiveCfg = Release|Any CPU
		{CE2DFFCA-DE06-46C2-BCA9-C101170C36A9}.Release|Any CPU.Build.0 = Release|Any CPU
		{CE2DFFCA-DE06-46C2-BCA9-C101170C36A9}.Release|x64.ActiveCfg = Release|Any CPU
		{CE2DFFCA-DE06-46C2-BCA9-C101170C36A9}.Release|x64.Build.0 = Release|Any CPU
		{895F57D4-5B37-445B-8AAA-5495F9D2068A}.Debug|Any CPU.ActiveCfg = Debug|Any CPU
		{895F57D4-5B37-445B-8AAA-5495F9D2068A}.Debug|Any CPU.Build.0 = Debug|Any CPU
		{895F57D4-5B37-445B-8AAA-5495F9D2068A}.Debug|x64.ActiveCfg = Debug|Any CPU
		{895F57D4-5B37-445B-8AAA-5495F9D2068A}.Debug|x64.Build.0 = Debug|Any CPU
		{895F57D4-5B37-445B-8AAA-5495F9D2068A}.Release|Any CPU.ActiveCfg = Release|Any CPU
		{895F57D4-5B37-445B-8AAA-5495F9D2068A}.Release|Any CPU.Build.0 = Release|Any CPU
		{895F57D4-5B37-445B-8AAA-5495F9D2068A}.Release|x64.ActiveCfg = Release|Any CPU
		{895F57D4-5B37-445B-8AAA-5495F9D2068A}.Release|x64.Build.0 = Release|Any CPU
		{60504366-9E30-4516-9800-5AFE65D416B6}.Debug|Any CPU.ActiveCfg = Debug|Any CPU
		{60504366-9E30-4516-9800-5AFE65D416B6}.Debug|Any CPU.Build.0 = Debug|Any CPU
		{60504366-9E30-4516-9800-5AFE65D416B6}.Debug|x64.ActiveCfg = Debug|Any CPU
		{60504366-9E30-4516-9800-5AFE65D416B6}.Debug|x64.Build.0 = Debug|Any CPU
		{60504366-9E30-4516-9800-5AFE65D416B6}.Release|Any CPU.ActiveCfg = Release|Any CPU
		{60504366-9E30-4516-9800-5AFE65D416B6}.Release|Any CPU.Build.0 = Release|Any CPU
		{60504366-9E30-4516-9800-5AFE65D416B6}.Release|x64.ActiveCfg = Release|Any CPU
		{60504366-9E30-4516-9800-5AFE65D416B6}.Release|x64.Build.0 = Release|Any CPU
		{11A53E9A-856C-4F6B-ACFB-0AE9B7872741}.Debug|Any CPU.ActiveCfg = Debug|Any CPU
		{11A53E9A-856C-4F6B-ACFB-0AE9B7872741}.Debug|Any CPU.Build.0 = Debug|Any CPU
		{11A53E9A-856C-4F6B-ACFB-0AE9B7872741}.Debug|x64.ActiveCfg = Debug|Any CPU
		{11A53E9A-856C-4F6B-ACFB-0AE9B7872741}.Debug|x64.Build.0 = Debug|Any CPU
		{11A53E9A-856C-4F6B-ACFB-0AE9B7872741}.Release|Any CPU.ActiveCfg = Release|Any CPU
		{11A53E9A-856C-4F6B-ACFB-0AE9B7872741}.Release|Any CPU.Build.0 = Release|Any CPU
		{11A53E9A-856C-4F6B-ACFB-0AE9B7872741}.Release|x64.ActiveCfg = Release|Any CPU
		{11A53E9A-856C-4F6B-ACFB-0AE9B7872741}.Release|x64.Build.0 = Release|Any CPU
		{53FC3F1B-C8BF-49A8-A4B7-D50D147638A5}.Debug|Any CPU.ActiveCfg = Debug|x64
		{53FC3F1B-C8BF-49A8-A4B7-D50D147638A5}.Debug|Any CPU.Build.0 = Debug|x64
		{53FC3F1B-C8BF-49A8-A4B7-D50D147638A5}.Debug|Any CPU.Deploy.0 = Debug|x64
		{53FC3F1B-C8BF-49A8-A4B7-D50D147638A5}.Debug|x64.ActiveCfg = Debug|x64
		{53FC3F1B-C8BF-49A8-A4B7-D50D147638A5}.Debug|x64.Build.0 = Debug|x64
		{53FC3F1B-C8BF-49A8-A4B7-D50D147638A5}.Debug|x64.Deploy.0 = Debug|x64
		{53FC3F1B-C8BF-49A8-A4B7-D50D147638A5}.Release|Any CPU.ActiveCfg = Release|x64
		{53FC3F1B-C8BF-49A8-A4B7-D50D147638A5}.Release|x64.ActiveCfg = Release|x64
		{53FC3F1B-C8BF-49A8-A4B7-D50D147638A5}.Release|x64.Build.0 = Release|x64
		{53FC3F1B-C8BF-49A8-A4B7-D50D147638A5}.Release|x64.Deploy.0 = Release|x64
	EndGlobalSection
	GlobalSection(SolutionProperties) = preSolution
		HideSolutionNode = FALSE
	EndGlobalSection
	GlobalSection(ExtensibilityGlobals) = postSolution
		SolutionGuid = {2DB4EB5D-8FCC-44BF-ABE9-4C04A64A548F}
	EndGlobalSection
EndGlobal
